
Microsoft Visual Studio Solution File, Format Version 11.00
# Visual Studio 2010
Project("{FAE04EC0-301F-11D3-BF4B-00C04F79EFBC}") = "NHibernate.MvcMini", "NHibernate.MvcMini.csproj", "{90384E00-0DD6-44E7-B491-F3761824FA12}"
EndProject
Global
	GlobalSection(SolutionConfigurationPlatforms) = preSolution
		Debug|Any CPU = Debug|Any CPU
		Release|Any CPU = Release|Any CPU
	EndGlobalSection
	GlobalSection(ProjectConfigurationPlatforms) = postSolution
		{90384E00-0DD6-44E7-B491-F3761824FA12}.Debug|Any CPU.ActiveCfg = Debug|Any CPU
		{90384E00-0DD6-44E7-B491-F3761824FA12}.Debug|Any CPU.Build.0 = Debug|Any CPU
		{90384E00-0DD6-44E7-B491-F3761824FA12}.Release|Any CPU.ActiveCfg = Release|Any CPU
		{90384E00-0DD6-44E7-B491-F3761824FA12}.Release|Any CPU.Build.0 = Release|Any CPU
	EndGlobalSection
	GlobalSection(SolutionProperties) = preSolution
		HideSolutionNode = FALSE
	EndGlobalSection
EndGlobal
